
Microsoft Visual Studio Solution File, Format Version 12.00
# Visual Studio 14
VisualStudioVersion = 14.0.25420.1
MinimumVisualStudioVersion = 10.0.40219.1
Project("{FAE04EC0-301F-11D3-BF4B-00C04F79EFBC}") = "Linq", "Linq\Linq.csproj", "{4C9D090B-027C-4A37-BFDA-39D8B3746901}"
EndProject
Project("{FAE04EC0-301F-11D3-BF4B-00C04F79EFBC}") = "Linq.Business", "Linq.Business\Linq.Business.csproj", "{E9E5A619-60DF-4EAE-9E27-D3DF07658780}"
EndProject
Project("{FAE04EC0-301F-11D3-BF4B-00C04F79EFBC}") = "Linq.Test", "Linq.Test\Linq.Test.csproj", "{9EFBDDE4-E0E4-4C6E-B47F-E3169687EAB5}"
EndProject
Global
	GlobalSection(SolutionConfigurationPlatforms) = preSolution
		Debug|Any CPU = Debug|Any CPU
		Release|Any CPU = Release|Any CPU
	EndGlobalSection
	GlobalSection(ProjectConfigurationPlatforms) = postSolution
		{4C9D090B-027C-4A37-BFDA-39D8B3746901}.Debug|Any CPU.ActiveCfg = Debug|Any CPU
		{4C9D090B-027C-4A37-BFDA-39D8B3746901}.Debug|Any CPU.Build.0 = Debug|Any CPU
		{4C9D090B-027C-4A37-BFDA-39D8B3746901}.Release|Any CPU.ActiveCfg = Release|Any CPU
		{4C9D090B-027C-4A37-BFDA-39D8B3746901}.Release|Any CPU.Build.0 = Release|Any CPU
		{E9E5A619-60DF-4EAE-9E27-D3DF07658780}.Debug|Any CPU.ActiveCfg = Debug|Any CPU
		{E9E5A619-60DF-4EAE-9E27-D3DF07658780}.Debug|Any CPU.Build.0 = Debug|Any CPU
		{E9E5A619-60DF-4EAE-9E27-D3DF07658780}.Release|Any CPU.ActiveCfg = Release|Any CPU
		{E9E5A619-60DF-4EAE-9E27-D3DF07658780}.Release|Any CPU.Build.0 = Release|Any CPU
		{9EFBDDE4-E0E4-4C6E-B47F-E3169687EAB5}.Debug|Any CPU.ActiveCfg = Debug|Any CPU
		{9EFBDDE4-E0E4-4C6E-B47F-E3169687EAB5}.Debug|Any CPU.Build.0 = Debug|Any CPU
		{9EFBDDE4-E0E4-4C6E-B47F-E3169687EAB5}.Release|Any CPU.ActiveCfg = Release|Any CPU
		{9EFBDDE4-E0E4-4C6E-B47F-E3169687EAB5}.Release|Any CPU.Build.0 = Release|Any CPU
	EndGlobalSection
	GlobalSection(SolutionProperties) = preSolution
		HideSolutionNode = FALSE
	EndGlobalSection
EndGlobal
